github.com/davecgh/go-spew v1.1.1 h1:vj9j/u1bqnvCEfJOwUhtlOARqs3+rkHYY13jYWTU97c=
github.com/davecgh/go-spew v1.1.1/go.mod h1:J7Y8YcW2NihsgmVo/mv3lAwl/skON4iLHjSsI+c5H38=
github.com/lib/pq v1.10.9 h1:YXG7RB+JIjhP29X+OtkiDnYaXQwpS4JEWq7dtCCRUEw=
github.com/lib/pq v1.10.9/go.mod h1:AlVN5x4E4T544tWzH6hKfbfQvm3HdbOxrmggDNAPY9o=
github.com/pmezard/go-difflib v1.0.0 h1:4DBwDE0NGyQoBHbLQYPwSUPoCMWR5BEzIk/f1lZbAQM=
github.com/pmezard/go-difflib v1.0.0/go.mod h1:iKH77koFhYxTK1pcRnkKkqfTogsbg7gZNVY4sRDYZ/4=
github.com/r-usenko/go-migrator v0.0.0-20240405012757-9819ddec7625 h1:26YvVrCL4QnvP37xmKkn1cXBgejRfw63sEgmRVBBL+o=
github.com/r-usenko/go-migrator v0.0.0-20240405012757-9819ddec7625/go.mod h1:ccCOIaDOJRPjO6R90I5oFMyRAyuCOWPyp11/RmVmzp4=
github.com/r-usenko/go-migrator-drivers/postgres v0.0.0-20240405014211-2daab80e5443 h1:T2XW4v9ETP3rNZnoeCp2mRdem35zZcpJOjlVUgU4sjs=
github.com/r-usenko/go-migrator-drivers/postgres v0.0.0-20240405014211-2daab80e5443/go.mod h1:1mWkkX9axdBn0LaCRkokHKMiyCqXRXG/tkKjrvyWkMM=
github.com/r-usenko/go-migrator-drivers/processor v0.0.0-20240405014211-2daab80e5443 h1:bQDQk5QKaEe0XAJPz9vhoQSKMvfd9lnYTN4KnO6qoUM=
github.com/r-usenko/go-migrator-drivers/processor v0.0.0-20240405014211-2daab80e5443/go.mod h1:UoER4LeDCNJ8mJ8Xo8Q2UyvuI71Q6dIlLIFPeGW7xDg=
github.com/stretchr/testify v1.9.0 h1:HtqpIVDClZ4nwg75+f6Lvsy/wHu+3BoSGCbBAcpTsTg=
github.com/stretchr/testify v1.9.0/go.mod h1:r2ic/lqez/lEtzL7wO/rwa5dbSLXVDPFyf8C91i36aY=
gopkg.in/check.v1 v0.0.0-20161208181325-20d25e280405 h1:yhCVgyC4o1eVCa2tZl7eS0r+SDo693bJlVdllGtEeKM=
gopkg.in/check.v1 v0.0.0-20161208181325-20d25e280405/go.mod h1:Co6ibVJAznAaIkqp8huTwlJQCZ016jof/cbN4VW5Yz0=
gopkg.in/yaml.v3 v3.0.1 h1:fxVm/GzAzEWqLHuvctI91KS9hhNmmWOoWu0XTYJS7CA=
gopkg.in/yaml.v3 v3.0.1/go.mod h1:K4uyk7z7BCEPqu6E+C64Yfv1cQ7kz7rIZviUmN+EgEM=
